
Microsoft Visual Studio Solution File, Format Version 12.00
# Visual Studio Version 16
VisualStudioVersion = 16.0.31229.75
MinimumVisualStudioVersion = 10.0.40219.1
Project("{8BC9CEB8-8B4A-11D0-8D11-00A0C91BC942}") = "E-Sneaker Project", "E-Sneaker Project\E-Sneaker Project.vcxproj", "{F0963832-AA0A-4D05-970B-8A9FFC604710}"
EndProject
Project("{8BC9CEB8-8B4A-11D0-8D11-00A0C91BC942}") = "ESneakerTest", "ESneakerTest\ESneakerTest.vcxproj", "{B5D9DC5F-5FAF-4220-A595-C442D3E930E3}"
EndProject
Global
	GlobalSection(SolutionConfigurationPlatforms) = preSolution
		Debug|x64 = Debug|x64
		Debug|x86 = Debug|x86
		Release|x64 = Release|x64
		Release|x86 = Release|x86
	EndGlobalSection
	GlobalSection(ProjectConfigurationPlatforms) = postSolution
		{F0963832-AA0A-4D05-970B-8A9FFC604710}.Debug|x64.ActiveCfg = Debug|x64
		{F0963832-AA0A-4D05-970B-8A9FFC604710}.Debug|x64.Build.0 = Debug|x64
		{F0963832-AA0A-4D05-970B-8A9FFC604710}.Debug|x86.ActiveCfg = Debug|Win32
		{F0963832-AA0A-4D05-970B-8A9FFC604710}.Debug|x86.Build.0 = Debug|Win32
		{F0963832-AA0A-4D05-970B-8A9FFC604710}.Release|x64.ActiveCfg = Release|x64
		{F0963832-AA0A-4D05-970B-8A9FFC604710}.Release|x64.Build.0 = Release|x64
		{F0963832-AA0A-4D05-970B-8A9FFC604710}.Release|x86.ActiveCfg = Release|Win32
		{F0963832-AA0A-4D05-970B-8A9FFC604710}.Release|x86.Build.0 = Release|Win32
		{B5D9DC5F-5FAF-4220-A595-C442D3E930E3}.Debug|x64.ActiveCfg = Debug|x64
		{B5D9DC5F-5FAF-4220-A595-C442D3E930E3}.Debug|x64.Build.0 = Debug|x64
		{B5D9DC5F-5FAF-4220-A595-C442D3E930E3}.Debug|x86.ActiveCfg = Debug|Win32
		{B5D9DC5F-5FAF-4220-A595-C442D3E930E3}.Debug|x86.Build.0 = Debug|Win32
		{B5D9DC5F-5FAF-4220-A595-C442D3E930E3}.Release|x64.ActiveCfg = Release|x64
		{B5D9DC5F-5FAF-4220-A595-C442D3E930E3}.Release|x64.Build.0 = Release|x64
		{B5D9DC5F-5FAF-4220-A595-C442D3E930E3}.Release|x86.ActiveCfg = Release|Win32
		{B5D9DC5F-5FAF-4220-A595-C442D3E930E3}.Release|x86.Build.0 = Release|Win32
	EndGlobalSection
	GlobalSection(SolutionProperties) = preSolution
		HideSolutionNode = FALSE
	EndGlobalSection
	GlobalSection(ExtensibilityGlobals) = postSolution
		SolutionGuid = {BFE894DB-3AE8-4145-9265-51855EAA8CF9}
	EndGlobalSection
EndGlobal
